
Microsoft Visual Studio Solution File, Format Version 12.00
# Visual Studio Version 17
VisualStudioVersion = 17.1.32414.318
MinimumVisualStudioVersion = 10.0.40219.1
Project("{9A19103F-16F7-4668-BE54-9A1E7A4F7556}") = "TextBoxWithPlaceHolderText", "TextBoxWithPlaceHolderText\TextBoxWithPlaceHolderText.csproj", "{4D3256A1-39C2-4827-B8A5-FBECB16704FB}"
EndProject
Project("{9A19103F-16F7-4668-BE54-9A1E7A4F7556}") = "PivotControl", "PivotControl\PivotControl.csproj", "{ACDD08A4-2DA9-441C-9EF1-0AA9098ED692}"
EndProject
Project("{9A19103F-16F7-4668-BE54-9A1E7A4F7556}") = "GlyphIconButtonSampleApp", "GlyphIconButtonSampleApp\GlyphIconButtonSampleApp.csproj", "{0B41215F-C06C-490C-B441-11C95923E905}"
EndProject
Project("{9A19103F-16F7-4668-BE54-9A1E7A4F7556}") = "ComboBoxWithPlaceHolderText", "ComboBoxWithPlaceHolderText\ComboBoxWithPlaceHolderText.csproj", "{80F13C2E-F06A-4764-85E9-D2B6091DAC3C}"
EndProject
Project("{9A19103F-16F7-4668-BE54-9A1E7A4F7556}") = "NumericUpDownControlSample", "NumericUpDownControl\NumericUpDownControlSample.csproj", "{E97CDBAC-F107-4797-AB16-6A4AB5FDFE8E}"
EndProject
Project("{9A19103F-16F7-4668-BE54-9A1E7A4F7556}") = "ExtendedListView_Reordering", "ExtendedListView_Reordering\ExtendedListView_Reordering.csproj", "{21FA7192-362E-449E-953A-D8ED4F2F5DF4}"
EndProject
Project("{9A19103F-16F7-4668-BE54-9A1E7A4F7556}") = "ExtendedListView_LoadMore", "ExtendedListView_LoadMore\ExtendedListView_LoadMore.csproj", "{2BA0720F-CFF7-4764-92B6-FE0805892F59}"
EndProject
Project("{9A19103F-16F7-4668-BE54-9A1E7A4F7556}") = "EditableTextBlockSample", "EditableTextBlockSample\EditableTextBlockSample.csproj", "{2FED294B-4D00-4133-A803-938EE4049A04}"
EndProject
Project("{9A19103F-16F7-4668-BE54-9A1E7A4F7556}") = "RadioButtonWithTickMarkSampleApp", "RadioButtonWithTickMarkSampleApp\RadioButtonWithTickMarkSampleApp.csproj", "{535A04C9-D385-44AB-9982-61B32FAC758E}"
EndProject
Project("{9A19103F-16F7-4668-BE54-9A1E7A4F7556}") = "TextBlockButtonSample", "TextBlockButtonSample\TextBlockButtonSample.csproj", "{A5119E3A-C099-45D0-8004-7B7C4C3FEFC2}"
EndProject
Project("{9A19103F-16F7-4668-BE54-9A1E7A4F7556}") = "iOSToggleButton", "iOSToggleButton\iOSToggleButton.csproj", "{31DEA256-5397-4839-BB31-9D3A735BDFFE}"
EndProject
Project("{FAE04EC0-301F-11D3-BF4B-00C04F79EFBC}") = "WPFDataGridSelection", "WPFDataGridSelection\WPFDataGridSelection.csproj", "{7061F79E-1B6A-4AAC-8C75-A486BF2AD137}"
EndProject
Global
	GlobalSection(SolutionConfigurationPlatforms) = preSolution
		Debug|Any CPU = Debug|Any CPU
		Release|Any CPU = Release|Any CPU
	EndGlobalSection
	GlobalSection(ProjectConfigurationPlatforms) = postSolution
		{4D3256A1-39C2-4827-B8A5-FBECB16704FB}.Debug|Any CPU.ActiveCfg = Debug|Any CPU
		{4D3256A1-39C2-4827-B8A5-FBECB16704FB}.Debug|Any CPU.Build.0 = Debug|Any CPU
		{4D3256A1-39C2-4827-B8A5-FBECB16704FB}.Release|Any CPU.ActiveCfg = Release|Any CPU
		{4D3256A1-39C2-4827-B8A5-FBECB16704FB}.Release|Any CPU.Build.0 = Release|Any CPU
		{ACDD08A4-2DA9-441C-9EF1-0AA9098ED692}.Debug|Any CPU.ActiveCfg = Debug|Any CPU
		{ACDD08A4-2DA9-441C-9EF1-0AA9098ED692}.Debug|Any CPU.Build.0 = Debug|Any CPU
		{ACDD08A4-2DA9-441C-9EF1-0AA9098ED692}.Release|Any CPU.ActiveCfg = Release|Any CPU
		{ACDD08A4-2DA9-441C-9EF1-0AA9098ED692}.Release|Any CPU.Build.0 = Release|Any CPU
		{0B41215F-C06C-490C-B441-11C95923E905}.Debug|Any CPU.ActiveCfg = Debug|Any CPU
		{0B41215F-C06C-490C-B441-11C95923E905}.Debug|Any CPU.Build.0 = Debug|Any CPU
		{0B41215F-C06C-490C-B441-11C95923E905}.Release|Any CPU.ActiveCfg = Release|Any CPU
		{0B41215F-C06C-490C-B441-11C95923E905}.Release|Any CPU.Build.0 = Release|Any CPU
		{80F13C2E-F06A-4764-85E9-D2B6091DAC3C}.Debug|Any CPU.ActiveCfg = Debug|Any CPU
		{80F13C2E-F06A-4764-85E9-D2B6091DAC3C}.Debug|Any CPU.Build.0 = Debug|Any CPU
		{80F13C2E-F06A-4764-85E9-D2B6091DAC3C}.Release|Any CPU.ActiveCfg = Release|Any CPU
		{80F13C2E-F06A-4764-85E9-D2B6091DAC3C}.Release|Any CPU.Build.0 = Release|Any CPU
		{E97CDBAC-F107-4797-AB16-6A4AB5FDFE8E}.Debug|Any CPU.ActiveCfg = Debug|Any CPU
		{E97CDBAC-F107-4797-AB16-6A4AB5FDFE8E}.Debug|Any CPU.Build.0 = Debug|Any CPU
		{E97CDBAC-F107-4797-AB16-6A4AB5FDFE8E}.Release|Any CPU.ActiveCfg = Release|Any CPU
		{E97CDBAC-F107-4797-AB16-6A4AB5FDFE8E}.Release|Any CPU.Build.0 = Release|Any CPU
		{21FA7192-362E-449E-953A-D8ED4F2F5DF4}.Debug|Any CPU.ActiveCfg = Debug|Any CPU
		{21FA7192-362E-449E-953A-D8ED4F2F5DF4}.Debug|Any CPU.Build.0 = Debug|Any CPU
		{21FA7192-362E-449E-953A-D8ED4F2F5DF4}.Release|Any CPU.ActiveCfg = Release|Any CPU
		{21FA7192-362E-449E-953A-D8ED4F2F5DF4}.Release|Any CPU.Build.0 = Release|Any CPU
		{2BA0720F-CFF7-4764-92B6-FE0805892F59}.Debug|Any CPU.ActiveCfg = Debug|Any CPU
		{2BA0720F-CFF7-4764-92B6-FE0805892F59}.Debug|Any CPU.Build.0 = Debug|Any CPU
		{2BA0720F-CFF7-4764-92B6-FE0805892F59}.Release|Any CPU.ActiveCfg = Release|Any CPU
		{2BA0720F-CFF7-4764-92B6-FE0805892F59}.Release|Any CPU.Build.0 = Release|Any CPU
		{2FED294B-4D00-4133-A803-938EE4049A04}.Debug|Any CPU.ActiveCfg = Debug|Any CPU
		{2FED294B-4D00-4133-A803-938EE4049A04}.Debug|Any CPU.Build.0 = Debug|Any CPU
		{2FED294B-4D00-4133-A803-938EE4049A04}.Release|Any CPU.ActiveCfg = Release|Any CPU
		{2FED294B-4D00-4133-A803-938EE4049A04}.Release|Any CPU.Build.0 = Release|Any CPU
		{535A04C9-D385-44AB-9982-61B32FAC758E}.Debug|Any CPU.ActiveCfg = Debug|Any CPU
		{535A04C9-D385-44AB-9982-61B32FAC758E}.Debug|Any CPU.Build.0 = Debug|Any CPU
		{535A04C9-D385-44AB-9982-61B32FAC758E}.Release|Any CPU.ActiveCfg = Release|Any CPU
		{535A04C9-D385-44AB-9982-61B32FAC758E}.Release|Any CPU.Build.0 = Release|Any CPU
		{A5119E3A-C099-45D0-8004-7B7C4C3FEFC2}.Debug|Any CPU.ActiveCfg = Debug|Any CPU
		{A5119E3A-C099-45D0-8004-7B7C4C3FEFC2}.Debug|Any CPU.Build.0 = Debug|Any CPU
		{A5119E3A-C099-45D0-8004-7B7C4C3FEFC2}.Release|Any CPU.ActiveCfg = Release|Any CPU
		{A5119E3A-C099-45D0-8004-7B7C4C3FEFC2}.Release|Any CPU.Build.0 = Release|Any CPU
		{31DEA256-5397-4839-BB31-9D3A735BDFFE}.Debug|Any CPU.ActiveCfg = Debug|Any CPU
		{31DEA256-5397-4839-BB31-9D3A735BDFFE}.Debug|Any CPU.Build.0 = Debug|Any CPU
		{31DEA256-5397-4839-BB31-9D3A735BDFFE}.Release|Any CPU.ActiveCfg = Release|Any CPU
		{31DEA256-5397-4839-BB31-9D3A735BDFFE}.Release|Any CPU.Build.0 = Release|Any CPU
		{7061F79E-1B6A-4AAC-8C75-A486BF2AD137}.Debug|Any CPU.ActiveCfg = Debug|Any CPU
		{7061F79E-1B6A-4AAC-8C75-A486BF2AD137}.Debug|Any CPU.Build.0 = Debug|Any CPU
		{7061F79E-1B6A-4AAC-8C75-A486BF2AD137}.Release|Any CPU.ActiveCfg = Release|Any CPU
		{7061F79E-1B6A-4AAC-8C75-A486BF2AD137}.Release|Any CPU.Build.0 = Release|Any CPU
	EndGlobalSection
	GlobalSection(SolutionProperties) = preSolution
		HideSolutionNode = FALSE
	EndGlobalSection
	GlobalSection(ExtensibilityGlobals) = postSolution
		SolutionGuid = {0B25B38D-8D86-4572-A6BD-2A397C45BF4A}
	EndGlobalSection
EndGlobal
